// !$*UTF8*$!
{
	archiveVersion = 1;
	classes = {
	};
	objectVersion = 55;
	objects = {

/* Begin PBXBuildFile section */
		A156FF99273EC18C00289C99 /* Kingfisher in Frameworks */ = {isa = PBXBuildFile; productRef = A156FF98273EC18C00289C99 /* Kingfisher */; };
		C0AC5855273BFDAB00736682 /* AppDelegate.swift in Sources */ = {isa = PBXBuildFile; fileRef = C0AC5854273BFDAB00736682 /* AppDelegate.swift */; };
		C0AC5857273BFDAB00736682 /* SceneDelegate.swift in Sources */ = {isa = PBXBuildFile; fileRef = C0AC5856273BFDAB00736682 /* SceneDelegate.swift */; };
		C0AC5859273BFDAB00736682 /* UsersViewController.swift in Sources */ = {isa = PBXBuildFile; fileRef = C0AC5858273BFDAB00736682 /* UsersViewController.swift */; };
		C0AC585C273BFDAB00736682 /* Main.storyboard in Resources */ = {isa = PBXBuildFile; fileRef = C0AC585A273BFDAB00736682 /* Main.storyboard */; };
		C0AC585E273BFDAD00736682 /* Assets.xcassets in Resources */ = {isa = PBXBuildFile; fileRef = C0AC585D273BFDAD00736682 /* Assets.xcassets */; };
		C0AC5861273BFDAD00736682 /* LaunchScreen.storyboard in Resources */ = {isa = PBXBuildFile; fileRef = C0AC585F273BFDAD00736682 /* LaunchScreen.storyboard */; };
		C0AC586C273BFDAD00736682 /* TestProjectTests.swift in Sources */ = {isa = PBXBuildFile; fileRef = C0AC586B273BFDAD00736682 /* TestProjectTests.swift */; };
		C0AC5876273BFDAD00736682 /* TestProjectUITests.swift in Sources */ = {isa = PBXBuildFile; fileRef = C0AC5875273BFDAD00736682 /* TestProjectUITests.swift */; };
		C0AC5878273BFDAD00736682 /* TestProjectUITestsLaunchTests.swift in Sources */ = {isa = PBXBuildFile; fileRef = C0AC5877273BFDAD00736682 /* TestProjectUITestsLaunchTests.swift */; };
		C0AC5886273BFF6700736682 /* WebClient.swift in Sources */ = {isa = PBXBuildFile; fileRef = C0AC5885273BFF6700736682 /* WebClient.swift */; };
		C0AC5889273BFFA600736682 /* User.swift in Sources */ = {isa = PBXBuildFile; fileRef = C0AC5888273BFFA600736682 /* User.swift */; };
		C0AC588C273C0EFA00736682 /* DetailCollectionViewController.swift in Sources */ = {isa = PBXBuildFile; fileRef = C0AC588B273C0EFA00736682 /* DetailCollectionViewController.swift */; };
		C0AC588F273C101E00736682 /* StoryboardExtension.swift in Sources */ = {isa = PBXBuildFile; fileRef = C0AC588E273C101E00736682 /* StoryboardExtension.swift */; };
		C0AC5891273C134200736682 /* Image.swift in Sources */ = {isa = PBXBuildFile; fileRef = C0AC5890273C134200736682 /* Image.swift */; };
		C0AC5894273C14DD00736682 /* ImageCollectionViewCell.swift in Sources */ = {isa = PBXBuildFile; fileRef = C0AC5893273C14DD00736682 /* ImageCollectionViewCell.swift */; };
/* End PBXBuildFile section */

/* Begin PBXContainerItemProxy section */
		C0AC5868273BFDAD00736682 /* PBXContainerItemProxy */ = {
			isa = PBXContainerItemProxy;
			containerPortal = C0AC5849273BFDAB00736682 /* Project object */;
			proxyType = 1;
			remoteGlobalIDString = C0AC5850273BFDAB00736682;
			remoteInfo = TestProject;
		};
		C0AC5872273BFDAD00736682 /* PBXContainerItemProxy */ = {
			isa = PBXContainerItemProxy;
			containerPortal = C0AC5849273BFDAB00736682 /* Project object */;
			proxyType = 1;
			remoteGlobalIDString = C0AC5850273BFDAB00736682;
			remoteInfo = TestProject;
		};
/* End PBXContainerItemProxy section */

/* Begin PBXFileReference section */
		C0AC5851273BFDAB00736682 /* TestProject.app */ = {isa = PBXFileReference; explicitFileType = wrapper.application; includeInIndex = 0; path = TestProject.app; sourceTree = BUILT_PRODUCTS_DIR; };
		C0AC5854273BFDAB00736682 /* AppDelegate.swift */ = {isa = PBXFileReference; lastKnownFileType = sourcecode.swift; path = AppDelegate.swift; sourceTree = "<group>"; };
		C0AC5856273BFDAB00736682 /* SceneDelegate.swift */ = {isa = PBXFileReference; lastKnownFileType = sourcecode.swift; path = SceneDelegate.swift; sourceTree = "<group>"; };
		C0AC5858273BFDAB00736682 /* UsersViewController.swift */ = {isa = PBXFileReference; lastKnownFileType = sourcecode.swift; path = UsersViewController.swift; sourceTree = "<group>"; };
		C0AC585B273BFDAB00736682 /* Base */ = {isa = PBXFileReference; lastKnownFileType = file.storyboard; name = Base; path = Base.lproj/Main.storyboard; sourceTree = "<group>"; };
		C0AC585D273BFDAD00736682 /* Assets.xcassets */ = {isa = PBXFileReference; lastKnownFileType = folder.assetcatalog; path = Assets.xcassets; sourceTree = "<group>"; };
		C0AC5860273BFDAD00736682 /* Base */ = {isa = PBXFileReference; lastKnownFileType = file.storyboard; name = Base; path = Base.lproj/LaunchScreen.storyboard; sourceTree = "<group>"; };
		C0AC5862273BFDAD00736682 /* Info.plist */ = {isa = PBXFileReference; lastKnownFileType = text.plist.xml; path = Info.plist; sourceTree = "<group>"; };
		C0AC5867273BFDAD00736682 /* TestProjectTests.xctest */ = {isa = PBXFileReference; explicitFileType = wrapper.cfbundle; includeInIndex = 0; path = TestProjectTests.xctest; sourceTree = BUILT_PRODUCTS_DIR; };
		C0AC586B273BFDAD00736682 /* TestProjectTests.swift */ = {isa = PBXFileReference; lastKnownFileType = sourcecode.swift; path = TestProjectTests.swift; sourceTree = "<group>"; };
		C0AC5871273BFDAD00736682 /* TestProjectUITests.xctest */ = {isa = PBXFileReference; explicitFileType = wrapper.cfbundle; includeInIndex = 0; path = TestProjectUITests.xctest; sourceTree = BUILT_PRODUCTS_DIR; };
		C0AC5875273BFDAD00736682 /* TestProjectUITests.swift */ = {isa = PBXFileReference; lastKnownFileType = sourcecode.swift; path = TestProjectUITests.swift; sourceTree = "<group>"; };
		C0AC5877273BFDAD00736682 /* TestProjectUITestsLaunchTests.swift */ = {isa = PBXFileReference; lastKnownFileType = sourcecode.swift; path = TestProjectUITestsLaunchTests.swift; sourceTree = "<group>"; };
		C0AC5885273BFF6700736682 /* WebClient.swift */ = {isa = PBXFileReference; lastKnownFileType = sourcecode.swift; path = WebClient.swift; sourceTree = "<group>"; };
		C0AC5888273BFFA600736682 /* User.swift */ = {isa = PBXFileReference; lastKnownFileType = sourcecode.swift; path = User.swift; sourceTree = "<group>"; };
		C0AC588B273C0EFA00736682 /* DetailCollectionViewController.swift */ = {isa = PBXFileReference; lastKnownFileType = sourcecode.swift; path = DetailCollectionViewController.swift; sourceTree = "<group>"; };
		C0AC588E273C101E00736682 /* StoryboardExtension.swift */ = {isa = PBXFileReference; lastKnownFileType = sourcecode.swift; path = StoryboardExtension.swift; sourceTree = "<group>"; };
		C0AC5890273C134200736682 /* Image.swift */ = {isa = PBXFileReference; lastKnownFileType = sourcecode.swift; path = Image.swift; sourceTree = "<group>"; };
		C0AC5893273C14DD00736682 /* ImageCollectionViewCell.swift */ = {isa = PBXFileReference; lastKnownFileType = sourcecode.swift; path = ImageCollectionViewCell.swift; sourceTree = "<group>"; };
/* End PBXFileReference section */

/* Begin PBXFrameworksBuildPhase section */
		C0AC584E273BFDAB00736682 /* Frameworks */ = {
			isa = PBXFrameworksBuildPhase;
			buildActionMask = 2147483647;
			files = (
				A156FF99273EC18C00289C99 /* Kingfisher in Frameworks */,
			);
			runOnlyForDeploymentPostprocessing = 0;
		};
		C0AC5864273BFDAD00736682 /* Frameworks */ = {
			isa = PBXFrameworksBuildPhase;
			buildActionMask = 2147483647;
			files = (
			);
			runOnlyForDeploymentPostprocessing = 0;
		};
		C0AC586E273BFDAD00736682 /* Frameworks */ = {
			isa = PBXFrameworksBuildPhase;
			buildActionMask = 2147483647;
			files = (
			);
			runOnlyForDeploymentPostprocessing = 0;
		};
/* End PBXFrameworksBuildPhase section */

/* Begin PBXGroup section */
		C0AC5848273BFDAB00736682 = {
			isa = PBXGroup;
			children = (
				C0AC5853273BFDAB00736682 /* TestProject */,
				C0AC586A273BFDAD00736682 /* TestProjectTests */,
				C0AC5874273BFDAD00736682 /* TestProjectUITests */,
				C0AC5852273BFDAB00736682 /* Products */,
			);
			sourceTree = "<group>";
		};
		C0AC5852273BFDAB00736682 /* Products */ = {
			isa = PBXGroup;
			children = (
				C0AC5851273BFDAB00736682 /* TestProject.app */,
				C0AC5867273BFDAD00736682 /* TestProjectTests.xctest */,
				C0AC5871273BFDAD00736682 /* TestProjectUITests.xctest */,
			);
			name = Products;
			sourceTree = "<group>";
		};
		C0AC5853273BFDAB00736682 /* TestProject */ = {
			isa = PBXGroup;
			children = (
				C0AC5892273C14C100736682 /* Cells */,
				C0AC588D273C100900736682 /* Extensions */,
				C0AC588A273C0E8200736682 /* ViewControllers */,
				C0AC5887273BFF9900736682 /* Model */,
				C0AC5884273BFF5300736682 /* WebClient */,
				C0AC5854273BFDAB00736682 /* AppDelegate.swift */,
				C0AC5856273BFDAB00736682 /* SceneDelegate.swift */,
				C0AC585A273BFDAB00736682 /* Main.storyboard */,
				C0AC585D273BFDAD00736682 /* Assets.xcassets */,
				C0AC585F273BFDAD00736682 /* LaunchScreen.storyboard */,
				C0AC5862273BFDAD00736682 /* Info.plist */,
			);
			path = TestProject;
			sourceTree = "<group>";
		};
		C0AC586A273BFDAD00736682 /* TestProjectTests */ = {
			isa = PBXGroup;
			children = (
				C0AC586B273BFDAD00736682 /* TestProjectTests.swift */,
			);
			path = TestProjectTests;
			sourceTree = "<group>";
		};
		C0AC5874273BFDAD00736682 /* TestProjectUITests */ = {
			isa = PBXGroup;
			children = (
				C0AC5875273BFDAD00736682 /* TestProjectUITests.swift */,
				C0AC5877273BFDAD00736682 /* TestProjectUITestsLaunchTests.swift */,
			);
			path = TestProjectUITests;
			sourceTree = "<group>";
		};
		C0AC5884273BFF5300736682 /* WebClient */ = {
			isa = PBXGroup;
			children = (
				C0AC5885273BFF6700736682 /* WebClient.swift */,
			);
			path = WebClient;
			sourceTree = "<group>";
		};
		C0AC5887273BFF9900736682 /* Model */ = {
			isa = PBXGroup;
			children = (
				C0AC5888273BFFA600736682 /* User.swift */,
				C0AC5890273C134200736682 /* Image.swift */,
			);
			path = Model;
			sourceTree = "<group>";
		};
		C0AC588A273C0E8200736682 /* ViewControllers */ = {
			isa = PBXGroup;
			children = (
				C0AC5858273BFDAB00736682 /* UsersViewController.swift */,
				C0AC588B273C0EFA00736682 /* DetailCollectionViewController.swift */,
			);
			path = ViewControllers;
			sourceTree = "<group>";
		};
		C0AC588D273C100900736682 /* Extensions */ = {
			isa = PBXGroup;
			children = (
				C0AC588E273C101E00736682 /* StoryboardExtension.swift */,
			);
			path = Extensions;
			sourceTree = "<group>";
		};
		C0AC5892273C14C100736682 /* Cells */ = {
			isa = PBXGroup;
			children = (
				C0AC5893273C14DD00736682 /* ImageCollectionViewCell.swift */,
			);
			path = Cells;
			sourceTree = "<group>";
		};
/* End PBXGroup section */

/* Begin PBXNativeTarget section */
		C0AC5850273BFDAB00736682 /* TestProject */ = {
			isa = PBXNativeTarget;
			buildConfigurationList = C0AC587B273BFDAD00736682 /* Build configuration list for PBXNativeTarget "TestProject" */;
			buildPhases = (
				C0AC584D273BFDAB00736682 /* Sources */,
				C0AC584E273BFDAB00736682 /* Frameworks */,
				C0AC584F273BFDAB00736682 /* Resources */,
			);
			buildRules = (
			);
			dependencies = (
			);
			name = TestProject;
			packageProductDependencies = (
				A156FF98273EC18C00289C99 /* Kingfisher */,
			);
			productName = TestProject;
			productReference = C0AC5851273BFDAB00736682 /* TestProject.app */;
			productType = "com.apple.product-type.application";
		};
		C0AC5866273BFDAD00736682 /* TestProjectTests */ = {
			isa = PBXNativeTarget;
			buildConfigurationList = C0AC587E273BFDAD00736682 /* Build configuration list for PBXNativeTarget "TestProjectTests" */;
			buildPhases = (
				C0AC5863273BFDAD00736682 /* Sources */,
				C0AC5864273BFDAD00736682 /* Frameworks */,
				C0AC5865273BFDAD00736682 /* Resources */,
			);
			buildRules = (
			);
			dependencies = (
				C0AC5869273BFDAD00736682 /* PBXTargetDependency */,
			);
			name = TestProjectTests;
			productName = TestProjectTests;
			productReference = C0AC5867273BFDAD00736682 /* TestProjectTests.xctest */;
			productType = "com.apple.product-type.bundle.unit-test";
		};
		C0AC5870273BFDAD00736682 /* TestProjectUITests */ = {
			isa = PBXNativeTarget;
			buildConfigurationList = C0AC5881273BFDAD00736682 /* Build configuration list for PBXNativeTarget "TestProjectUITests" */;
			buildPhases = (
				C0AC586D273BFDAD00736682 /* Sources */,
				C0AC586E273BFDAD00736682 /* Frameworks */,
				C0AC586F273BFDAD00736682 /* Resources */,
			);
			buildRules = (
			);
			dependencies = (
				C0AC5873273BFDAD00736682 /* PBXTargetDependency */,
			);
			name = TestProjectUITests;
			productName = TestProjectUITests;
			productReference = C0AC5871273BFDAD00736682 /* TestProjectUITests.xctest */;
			productType = "com.apple.product-type.bundle.ui-testing";
		};
/* End PBXNativeTarget section */

/* Begin PBXProject section */
		C0AC5849273BFDAB00736682 /* Project object */ = {
			isa = PBXProject;
			attributes = {
				BuildIndependentTargetsInParallel = 1;
				LastSwiftUpdateCheck = 1310;
				LastUpgradeCheck = 1310;
				TargetAttributes = {
					C0AC5850273BFDAB00736682 = {
						CreatedOnToolsVersion = 13.1;
					};
					C0AC5866273BFDAD00736682 = {
						CreatedOnToolsVersion = 13.1;
						TestTargetID = C0AC5850273BFDAB00736682;
					};
					C0AC5870273BFDAD00736682 = {
						CreatedOnToolsVersion = 13.1;
						TestTargetID = C0AC5850273BFDAB00736682;
					};
				};
			};
			buildConfigurationList = C0AC584C273BFDAB00736682 /* Build configuration list for PBXProject "TestProject" */;
			compatibilityVersion = "Xcode 13.0";
			developmentRegion = en;
			hasScannedForEncodings = 0;
			knownRegions = (
				en,
				Base,
			);
			mainGroup = C0AC5848273BFDAB00736682;
			packageReferences = (
				A156FF97273EC18C00289C99 /* XCRemoteSwiftPackageReference "Kingfisher" */,
			);
			productRefGroup = C0AC5852273BFDAB00736682 /* Products */;
			projectDirPath = "";
			projectRoot = "";
			targets = (
				C0AC5850273BFDAB00736682 /* TestProject */,
				C0AC5866273BFDAD00736682 /* TestProjectTests */,
				C0AC5870273BFDAD00736682 /* TestProjectUITests */,
			);
		};
/* End PBXProject section */

/* Begin PBXResourcesBuildPhase section */
		C0AC584F273BFDAB00736682 /* Resources */ = {
			isa = PBXResourcesBuildPhase;
			buildActionMask = 2147483647;
			files = (
				C0AC5861273BFDAD00736682 /* LaunchScreen.storyboard in Resources */,
				C0AC585E273BFDAD00736682 /* Assets.xcassets in Resources */,
				C0AC585C273BFDAB00736682 /* Main.storyboard in Resources */,
			);
			runOnlyForDeploymentPostprocessing = 0;
		};
		C0AC5865273BFDAD00736682 /* Resources */ = {
			isa = PBXResourcesBuildPhase;
			buildActionMask = 2147483647;
			files = (
			);
			runOnlyForDeploymentPostprocessing = 0;
		};
		C0AC586F273BFDAD00736682 /* Resources */ = {
			isa = PBXResourcesBuildPhase;
			buildActionMask = 2147483647;
			files = (
			);
			runOnlyForDeploymentPostprocessing = 0;
		};
/* End PBXResourcesBuildPhase section */

/* Begin PBXSourcesBuildPhase section */
		C0AC584D273BFDAB00736682 /* Sources */ = {
			isa = PBXSourcesBuildPhase;
			buildActionMask = 2147483647;
			files = (
				C0AC5859273BFDAB00736682 /* UsersViewController.swift in Sources */,
				C0AC5891273C134200736682 /* Image.swift in Sources */,
				C0AC5855273BFDAB00736682 /* AppDelegate.swift in Sources */,
				C0AC5857273BFDAB00736682 /* SceneDelegate.swift in Sources */,
				C0AC588F273C101E00736682 /* StoryboardExtension.swift in Sources */,
				C0AC588C273C0EFA00736682 /* DetailCollectionViewController.swift in Sources */,
				C0AC5894273C14DD00736682 /* ImageCollectionViewCell.swift in Sources */,
				C0AC5889273BFFA600736682 /* User.swift in Sources */,
				C0AC5886273BFF6700736682 /* WebClient.swift in Sources */,
			);
			runOnlyForDeploymentPostprocessing = 0;
		};
		C0AC5863273BFDAD00736682 /* Sources */ = {
			isa = PBXSourcesBuildPhase;
			buildActionMask = 2147483647;
			files = (
				C0AC586C273BFDAD00736682 /* TestProjectTests.swift in Sources */,
			);
			runOnlyForDeploymentPostprocessing = 0;
		};
		C0AC586D273BFDAD00736682 /* Sources */ = {
			isa = PBXSourcesBuildPhase;
			buildActionMask = 2147483647;
			files = (
				C0AC5878273BFDAD00736682 /* TestProjectUITestsLaunchTests.swift in Sources */,
				C0AC5876273BFDAD00736682 /* TestProjectUITests.swift in Sources */,
			);
			runOnlyForDeploymentPostprocessing = 0;
		};
/* End PBXSourcesBuildPhase section */

/* Begin PBXTargetDependency section */
		C0AC5869273BFDAD00736682 /* PBXTargetDependency */ = {
			isa = PBXTargetDependency;
			target = C0AC5850273BFDAB00736682 /* TestProject */;
			targetProxy = C0AC5868273BFDAD00736682 /* PBXContainerItemProxy */;
		};
		C0AC5873273BFDAD00736682 /* PBXTargetDependency */ = {
			isa = PBXTargetDependency;
			target = C0AC5850273BFDAB00736682 /* TestProject */;
			targetProxy = C0AC5872273BFDAD00736682 /* PBXContainerItemProxy */;
		};
/* End PBXTargetDependency section */

/* Begin PBXVariantGroup section */
		C0AC585A273BFDAB00736682 /* Main.storyboard */ = {
			isa = PBXVariantGroup;
			children = (
				C0AC585B273BFDAB00736682 /* Base */,
			);
			name = Main.storyboard;
			sourceTree = "<group>";
		};
		C0AC585F273BFDAD00736682 /* LaunchScreen.storyboard */ = {
			isa = PBXVariantGroup;
			children = (
				C0AC5860273BFDAD00736682 /* Base */,
			);
			name = LaunchScreen.storyboard;
			sourceTree = "<group>";
		};
/* End PBXVariantGroup section */

/* Begin XCBuildConfiguration section */
		C0AC5879273BFDAD00736682 /* Debug */ = {
			isa = XCBuildConfiguration;
			buildSettings = {
				ALWAYS_SEARCH_USER_PATHS = NO;
				CLANG_ANALYZER_NONNULL = YES;
				CLANG_ANALYZER_NUMBER_OBJECT_CONVERSION = YES_AGGRESSIVE;
				CLANG_CXX_LANGUAGE_STANDARD = "gnu++17";
				CLANG_CXX_LIBRARY = "libc++";
				CLANG_ENABLE_MODULES = YES;
				CLANG_ENABLE_OBJC_ARC = YES;
				CLANG_ENABLE_OBJC_WEAK = YES;
				CLANG_WARN_BLOCK_CAPTURE_AUTORELEASING = YES;
				CLANG_WARN_BOOL_CONVERSION = YES;
				CLANG_WARN_COMMA = YES;
				CLANG_WARN_CONSTANT_CONVERSION = YES;
				CLANG_WARN_DEPRECATED_OBJC_IMPLEMENTATIONS = YES;
				CLANG_WARN_DIRECT_OBJC_ISA_USAGE = YES_ERROR;
				CLANG_WARN_DOCUMENTATION_COMMENTS = YES;
				CLANG_WARN_EMPTY_BODY = YES;
				CLANG_WARN_ENUM_CONVERSION = YES;
				CLANG_WARN_INFINITE_RECURSION = YES;
				CLANG_WARN_INT_CONVERSION = YES;
				CLANG_WARN_NON_LITERAL_NULL_CONVERSION = YES;
				CLANG_WARN_OBJC_IMPLICIT_RETAIN_SELF = YES;
				CLANG_WARN_OBJC_LITERAL_CONVERSION = YES;
				CLANG_WARN_OBJC_ROOT_CLASS = YES_ERROR;
				CLANG_WARN_QUOTED_INCLUDE_IN_FRAMEWORK_HEADER = YES;
				CLANG_WARN_RANGE_LOOP_ANALYSIS = YES;
				CLANG_WARN_STRICT_PROTOTYPES = YES;
				CLANG_WARN_SUSPICIOUS_MOVE = YES;
				CLANG_WARN_UNGUARDED_AVAILABILITY = YES_AGGRESSIVE;
				CLANG_WARN_UNREACHABLE_CODE = YES;
				CLANG_WARN__DUPLICATE_METHOD_MATCH = YES;
				COPY_PHASE_STRIP = NO;
				DEBUG_INFORMATION_FORMAT = dwarf;
				ENABLE_STRICT_OBJC_MSGSEND = YES;
				ENABLE_TESTABILITY = YES;
				GCC_C_LANGUAGE_STANDARD = gnu11;
				GCC_DYNAMIC_NO_PIC = NO;
				GCC_NO_COMMON_BLOCKS = YES;
				GCC_OPTIMIZATION_LEVEL = 0;
				GCC_PREPROCESSOR_DEFINITIONS = (
					"DEBUG=1",
					"$(inherited)",
				);
				GCC_WARN_64_TO_32_BIT_CONVERSION = YES;
				GCC_WARN_ABOUT_RETURN_TYPE = YES_ERROR;
				GCC_WARN_UNDECLARED_SELECTOR = YES;
				GCC_WARN_UNINITIALIZED_AUTOS = YES_AGGRESSIVE;
				GCC_WARN_UNUSED_FUNCTION = YES;
				GCC_WARN_UNUSED_VARIABLE = YES;
				IPHONEOS_DEPLOYMENT_TARGET = 15.0;
				MTL_ENABLE_DEBUG_INFO = INCLUDE_SOURCE;
				MTL_FAST_MATH = YES;
				ONLY_ACTIVE_ARCH = YES;
				SDKROOT = iphoneos;
				SWIFT_ACTIVE_COMPILATION_CONDITIONS = DEBUG;
				SWIFT_OPTIMIZATION_LEVEL = "-Onone";
			};
			name = Debug;
		};
		C0AC587A273BFDAD00736682 /* Release */ = {
			isa = XCBuildConfiguration;
			buildSettings = {
				ALWAYS_SEARCH_USER_PATHS = NO;
				CLANG_ANALYZER_NONNULL = YES;
				CLANG_ANALYZER_NUMBER_OBJECT_CONVERSION = YES_AGGRESSIVE;
				CLANG_CXX_LANGUAGE_STANDARD = "gnu++17";
				CLANG_CXX_LIBRARY = "libc++";
				CLANG_ENABLE_MODULES = YES;
				CLANG_ENABLE_OBJC_ARC = YES;
				CLANG_ENABLE_OBJC_WEAK = YES;
				CLANG_WARN_BLOCK_CAPTURE_AUTORELEASING = YES;
				CLANG_WARN_BOOL_CONVERSION = YES;
				CLANG_WARN_COMMA = YES;
				CLANG_WARN_CONSTANT_CONVERSION = YES;
				CLANG_WARN_DEPRECATED_OBJC_IMPLEMENTATIONS = YES;
				CLANG_WARN_DIRECT_OBJC_ISA_USAGE = YES_ERROR;
				CLANG_WARN_DOCUMENTATION_COMMENTS = YES;
				CLANG_WARN_EMPTY_BODY = YES;
				CLANG_WARN_ENUM_CONVERSION = YES;
				CLANG_WARN_INFINITE_RECURSION = YES;
				CLANG_WARN_INT_CONVERSION = YES;
				CLANG_WARN_NON_LITERAL_NULL_CONVERSION = YES;
				CLANG_WARN_OBJC_IMPLICIT_RETAIN_SELF = YES;
				CLANG_WARN_OBJC_LITERAL_CONVERSION = YES;
				CLANG_WARN_OBJC_ROOT_CLASS = YES_ERROR;
				CLANG_WARN_QUOTED_INCLUDE_IN_FRAMEWORK_HEADER = YES;
				CLANG_WARN_RANGE_LOOP_ANALYSIS = YES;
				CLANG_WARN_STRICT_PROTOTYPES = YES;
				CLANG_WARN_SUSPICIOUS_MOVE = YES;
				CLANG_WARN_UNGUARDED_AVAILABILITY = YES_AGGRESSIVE;
				CLANG_WARN_UNREACHABLE_CODE = YES;
				CLANG_WARN__DUPLICATE_METHOD_MATCH = YES;
				COPY_PHASE_STRIP = NO;
				DEBUG_INFORMATION_FORMAT = "dwarf-with-dsym";
				ENABLE_NS_ASSERTIONS = NO;
				ENABLE_STRICT_OBJC_MSGSEND = YES;
				GCC_C_LANGUAGE_STANDARD = gnu11;
				GCC_NO_COMMON_BLOCKS = YES;
				GCC_WARN_64_TO_32_BIT_CONVERSION = YES;
				GCC_WARN_ABOUT_RETURN_TYPE = YES_ERROR;
				GCC_WARN_UNDECLARED_SELECTOR = YES;
				GCC_WARN_UNINITIALIZED_AUTOS = YES_AGGRESSIVE;
				GCC_WARN_UNUSED_FUNCTION = YES;
				GCC_WARN_UNUSED_VARIABLE = YES;
				IPHONEOS_DEPLOYMENT_TARGET = 15.0;
				MTL_ENABLE_DEBUG_INFO = NO;
				MTL_FAST_MATH = YES;
				SDKROOT = iphoneos;
				SWIFT_COMPILATION_MODE = wholemodule;
				SWIFT_OPTIMIZATION_LEVEL = "-O";
				VALIDATE_PRODUCT = YES;
			};
			name = Release;
		};
		C0AC587C273BFDAD00736682 /* Debug */ = {
			isa = XCBuildConfiguration;
			buildSettings = {
				ASSETCATALOG_COMPILER_APPICON_NAME = AppIcon;
				ASSETCATALOG_COMPILER_GLOBAL_ACCENT_COLOR_NAME = AccentColor;
				CODE_SIGN_STYLE = Automatic;
				CURRENT_PROJECT_VERSION = 1;
				DEVELOPMENT_TEAM = DWP5TWW82H;
				GENERATE_INFOPLIST_FILE = YES;
				INFOPLIST_FILE = TestProject/Info.plist;
				INFOPLIST_KEY_UIApplicationSupportsIndirectInputEvents = YES;
				INFOPLIST_KEY_UILaunchStoryboardName = LaunchScreen;
				INFOPLIST_KEY_UIMainStoryboardFile = Main;
				INFOPLIST_KEY_UISupportedInterfaceOrientations_iPad = "UIInterfaceOrientationPortrait UIInterfaceOrientationPortraitUpsideDown UIInterfaceOrientationLandscapeLeft UIInterfaceOrientationLandscapeRight";
				INFOPLIST_KEY_UISupportedInterfaceOrientations_iPhone = "UIInterfaceOrientationPortrait UIInterfaceOrientationLandscapeLeft UIInterfaceOrientationLandscapeRight";
				LD_RUNPATH_SEARCH_PATHS = (
					"$(inherited)",
					"@executable_path/Frameworks",
				);
				MARKETING_VERSION = 1.0;
				PRODUCT_BUNDLE_IDENTIFIER = mobi.aequus.TestProject;
				PRODUCT_NAME = "$(TARGET_NAME)";
				SWIFT_EMIT_LOC_STRINGS = YES;
				SWIFT_VERSION = 5.0;
				TARGETED_DEVICE_FAMILY = "1,2";
			};
			name = Debug;
		};
		C0AC587D273BFDAD00736682 /* Release */ = {
			isa = XCBuildConfiguration;
			buildSettings = {
				ASSETCATALOG_COMPILER_APPICON_NAME = AppIcon;
				ASSETCATALOG_COMPILER_GLOBAL_ACCENT_COLOR_NAME = AccentColor;
				CODE_SIGN_STYLE = Automatic;
				CURRENT_PROJECT_VERSION = 1;
				DEVELOPMENT_TEAM = DWP5TWW82H;
				GENERATE_INFOPLIST_FILE = YES;
				INFOPLIST_FILE = TestProject/Info.plist;
				INFOPLIST_KEY_UIApplicationSupportsIndirectInputEvents = YES;
				INFOPLIST_KEY_UILaunchStoryboardName = LaunchScreen;
				INFOPLIST_KEY_UIMainStoryboardFile = Main;
				INFOPLIST_KEY_UISupportedInterfaceOrientations_iPad = "UIInterfaceOrientationPortrait UIInterfaceOrientationPortraitUpsideDown UIInterfaceOrientationLandscapeLeft UIInterfaceOrientationLandscapeRight";
				INFOPLIST_KEY_UISupportedInterfaceOrientations_iPhone = "UIInterfaceOrientationPortrait UIInterfaceOrientationLandscapeLeft UIInterfaceOrientationLandscapeRight";
				LD_RUNPATH_SEARCH_PATHS = (
					"$(inherited)",
					"@executable_path/Frameworks",
				);
				MARKETING_VERSION = 1.0;
				PRODUCT_BUNDLE_IDENTIFIER = mobi.aequus.TestProject;
				PRODUCT_NAME = "$(TARGET_NAME)";
				SWIFT_EMIT_LOC_STRINGS = YES;
				SWIFT_VERSION = 5.0;
				TARGETED_DEVICE_FAMILY = "1,2";
			};
			name = Release;
		};
		C0AC587F273BFDAD00736682 /* Debug */ = {
			isa = XCBuildConfiguration;
			buildSettings = {
				ALWAYS_EMBED_SWIFT_STANDARD_LIBRARIES = YES;
				BUNDLE_LOADER = "$(TEST_HOST)";
				CODE_SIGN_STYLE = Automatic;
				CURRENT_PROJECT_VERSION = 1;
				DEVELOPMENT_TEAM = DWP5TWW82H;
				GENERATE_INFOPLIST_FILE = YES;
				IPHONEOS_DEPLOYMENT_TARGET = 15.0;
				LD_RUNPATH_SEARCH_PATHS = (
					"$(inherited)",
					"@executable_path/Frameworks",
					"@loader_path/Frameworks",
				);
				MARKETING_VERSION = 1.0;
				PRODUCT_BUNDLE_IDENTIFIER = mobi.aequus.TestProjectTests;
				PRODUCT_NAME = "$(TARGET_NAME)";
				SWIFT_EMIT_LOC_STRINGS = NO;
				SWIFT_VERSION = 5.0;
				TARGETED_DEVICE_FAMILY = "1,2";
				TEST_HOST = "$(BUILT_PRODUCTS_DIR)/TestProject.app/TestProject";
			};
			name = Debug;
		};
		C0AC5880273BFDAD00736682 /* Release */ = {
			isa = XCBuildConfiguration;
			buildSettings = {
				ALWAYS_EMBED_SWIFT_STANDARD_LIBRARIES = YES;
				BUNDLE_LOADER = "$(TEST_HOST)";
				CODE_SIGN_STYLE = Automatic;
				CURRENT_PROJECT_VERSION = 1;
				DEVELOPMENT_TEAM = DWP5TWW82H;
				GENERATE_INFOPLIST_FILE = YES;
				IPHONEOS_DEPLOYMENT_TARGET = 15.0;
				LD_RUNPATH_SEARCH_PATHS = (
					"$(inherited)",
					"@executable_path/Frameworks",
					"@loader_path/Frameworks",
				);
				MARKETING_VERSION = 1.0;
				PRODUCT_BUNDLE_IDENTIFIER = mobi.aequus.TestProjectTests;
				PRODUCT_NAME = "$(TARGET_NAME)";
				SWIFT_EMIT_LOC_STRINGS = NO;
				SWIFT_VERSION = 5.0;
				TARGETED_DEVICE_FAMILY = "1,2";
				TEST_HOST = "$(BUILT_PRODUCTS_DIR)/TestProject.app/TestProject";
			};
			name = Release;
		};
		C0AC5882273BFDAD00736682 /* Debug */ = {
			isa = XCBuildConfiguration;
			buildSettings = {
				ALWAYS_EMBED_SWIFT_STANDARD_LIBRARIES = YES;
				CODE_SIGN_STYLE = Automatic;
				CURRENT_PROJECT_VERSION = 1;
				DEVELOPMENT_TEAM = DWP5TWW82H;
				GENERATE_INFOPLIST_FILE = YES;
				LD_RUNPATH_SEARCH_PATHS = (
					"$(inherited)",
					"@executable_path/Frameworks",
					"@loader_path/Frameworks",
				);
				MARKETING_VERSION = 1.0;
				PRODUCT_BUNDLE_IDENTIFIER = mobi.aequus.TestProjectUITests;
				PRODUCT_NAME = "$(TARGET_NAME)";
				SWIFT_EMIT_LOC_STRINGS = NO;
				SWIFT_VERSION = 5.0;
				TARGETED_DEVICE_FAMILY = "1,2";
				TEST_TARGET_NAME = TestProject;
			};
			name = Debug;
		};
		C0AC5883273BFDAD00736682 /* Release */ = {
			isa = XCBuildConfiguration;
			buildSettings = {
				ALWAYS_EMBED_SWIFT_STANDARD_LIBRARIES = YES;
				CODE_SIGN_STYLE = Automatic;
				CURRENT_PROJECT_VERSION = 1;
				DEVELOPMENT_TEAM = DWP5TWW82H;
				GENERATE_INFOPLIST_FILE = YES;
				LD_RUNPATH_SEARCH_PATHS = (
					"$(inherited)",
					"@executable_path/Frameworks",
					"@loader_path/Frameworks",
				);
				MARKETING_VERSION = 1.0;
				PRODUCT_BUNDLE_IDENTIFIER = mobi.aequus.TestProjectUITests;
				PRODUCT_NAME = "$(TARGET_NAME)";
				SWIFT_EMIT_LOC_STRINGS = NO;
				SWIFT_VERSION = 5.0;
				TARGETED_DEVICE_FAMILY = "1,2";
				TEST_TARGET_NAME = TestProject;
			};
			name = Release;
		};
/* End XCBuildConfiguration section */

/* Begin XCConfigurationList section */
		C0AC584C273BFDAB00736682 /* Build configuration list for PBXProject "TestProject" */ = {
			isa = XCConfigurationList;
			buildConfigurations = (
				C0AC5879273BFDAD00736682 /* Debug */,
				C0AC587A273BFDAD00736682 /* Release */,
			);
			defaultConfigurationIsVisible = 0;
			defaultConfigurationName = Release;
		};
		C0AC587B273BFDAD00736682 /* Build configuration list for PBXNativeTarget "TestProject" */ = {
			isa = XCConfigurationList;
			buildConfigurations = (
				C0AC587C273BFDAD00736682 /* Debug */,
				C0AC587D273BFDAD00736682 /* Release */,
			);
			defaultConfigurationIsVisible = 0;
			defaultConfigurationName = Release;
		};
		C0AC587E273BFDAD00736682 /* Build configuration list for PBXNativeTarget "TestProjectTests" */ = {
			isa = XCConfigurationList;
			buildConfigurations = (
				C0AC587F273BFDAD00736682 /* Debug */,
				C0AC5880273BFDAD00736682 /* Release */,
			);
			defaultConfigurationIsVisible = 0;
			defaultConfigurationName = Release;
		};
		C0AC5881273BFDAD00736682 /* Build configuration list for PBXNativeTarget "TestProjectUITests" */ = {
			isa = XCConfigurationList;
			buildConfigurations = (
				C0AC5882273BFDAD00736682 /* Debug */,
				C0AC5883273BFDAD00736682 /* Release */,
			);
			defaultConfigurationIsVisible = 0;
			defaultConfigurationName = Release;
		};
/* End XCConfigurationList section */

/* Begin XCRemoteSwiftPackageReference section */
		A156FF97273EC18C00289C99 /* XCRemoteSwiftPackageReference "Kingfisher" */ = {
			isa = XCRemoteSwiftPackageReference;
			repositoryURL = "https://github.com/onevcat/Kingfisher.git";
			requirement = {
				kind = upToNextMajorVersion;
				minimumVersion = 7.0.0;
			};
		};
/* End XCRemoteSwiftPackageReference section */

/* Begin XCSwiftPackageProductDependency section */
		A156FF98273EC18C00289C99 /* Kingfisher */ = {
			isa = XCSwiftPackageProductDependency;
			package = A156FF97273EC18C00289C99 /* XCRemoteSwiftPackageReference "Kingfisher" */;
			productName = Kingfisher;
		};
/* End XCSwiftPackageProductDependency section */
	};
	rootObject = C0AC5849273BFDAB00736682 /* Project object */;
}
